
Microsoft Visual Studio Solution File, Format Version 12.00
# Visual Studio 15
VisualStudioVersion = 15.0.28010.2046
MinimumVisualStudioVersion = 10.0.40219.1
Project("{FAE04EC0-301F-11D3-BF4B-00C04F79EFBC}") = "Windows-6", "Windows-6\Windows-6.csproj", "{75DF6C84-BA84-47DC-95E6-73E8907D1D7D}"
EndProject
Project("{FAE04EC0-301F-11D3-BF4B-00C04F79EFBC}") = "WpfMySQL", "WpfMySQL\WpfMySQL.csproj", "{D28B2B17-334D-4863-B538-84C5410D8158}"
EndProject
Global
	GlobalSection(SolutionConfigurationPlatforms) = preSolution
		Debug|Any CPU = Debug|Any CPU
		Release|Any CPU = Release|Any CPU
	EndGlobalSection
	GlobalSection(ProjectConfigurationPlatforms) = postSolution
		{75DF6C84-BA84-47DC-95E6-73E8907D1D7D}.Debug|Any CPU.ActiveCfg = Debug|Any CPU
		{75DF6C84-BA84-47DC-95E6-73E8907D1D7D}.Debug|Any CPU.Build.0 = Debug|Any CPU
		{75DF6C84-BA84-47DC-95E6-73E8907D1D7D}.Release|Any CPU.ActiveCfg = Release|Any CPU
		{75DF6C84-BA84-47DC-95E6-73E8907D1D7D}.Release|Any CPU.Build.0 = Release|Any CPU
		{D28B2B17-334D-4863-B538-84C5410D8158}.Debug|Any CPU.ActiveCfg = Debug|Any CPU
		{D28B2B17-334D-4863-B538-84C5410D8158}.Debug|Any CPU.Build.0 = Debug|Any CPU
		{D28B2B17-334D-4863-B538-84C5410D8158}.Release|Any CPU.ActiveCfg = Release|Any CPU
		{D28B2B17-334D-4863-B538-84C5410D8158}.Release|Any CPU.Build.0 = Release|Any CPU
	EndGlobalSection
	GlobalSection(SolutionProperties) = preSolution
		HideSolutionNode = FALSE
	EndGlobalSection
	GlobalSection(ExtensibilityGlobals) = postSolution
		SolutionGuid = {6DC8830E-DBBD-4A87-A765-2D0716D26C97}
	EndGlobalSection
EndGlobal
